{
  "socketPath": "\\\\.\\pipe\\mcp-1889d226-4c0e-44fd-beae-3791fba25ce6.sock",
  "scheme": "pipe",
  "headers": {
    "Authorization": "Nonce 01730280-03c2-4b8e-a0b6-2257eae37c3b"
  },
  "pid": 23500,
  "ideName": "Visual Studio Code",
  "timestamp": 1787069572288,
  "workspaceFolders": [
    "c:\\Users\\MitchellLandreth\\Git-Local\\AB-Logix-CI-CD\\src\\controllers\\SHD_BOI_Line"
  ],
  "isTrusted": true
}