{
  "socketPath": "\\\\.\\pipe\\mcp-d62aeb0f-ba7a-44fe-9c10-388baf908ea3.sock",
  "scheme": "pipe",
  "headers": {
    "Authorization": "Nonce 4634b4d2-97ed-4a64-be8d-fb0f616025ef"
  },
  "pid": 15156,
  "ideName": "Visual Studio Code",
  "timestamp": 1787070522535,
  "workspaceFolders": [
    "c:\\Users\\MitchellLandreth\\.copilot"
  ],
  "isTrusted": true
}